// !$*UTF8*$!
{
	archiveVersion = 1;
	classes = {
	};
	objectVersion = 54;
	objects = {

/* Begin PBXBuildFile section */
		04ABF903BD6357C113A95A5F /* ClipboardService.swift in Sources */ = {isa = PBXBuildFile; fileRef = F33B5BD8B27508A92C5CFF3F /* ClipboardService.swift */; };
		155E3D8934863BF8B7825AED /* WeatherService.swift in Sources */ = {isa = PBXBuildFile; fileRef = 782505E42AA5D6AA6A77EF5D /* WeatherService.swift */; };
		1D86E6D277262D8AF032B419 /* IslandModule.swift in Sources */ = {isa = PBXBuildFile; fileRef = 2F0E88396121C101FAE84BF8 /* IslandModule.swift */; };
		24E2DE3E3B303549EBA57D96 /* InfoModule.swift in Sources */ = {isa = PBXBuildFile; fileRef = 045FE82A1B5297025C6A06CD /* InfoModule.swift */; };
		45937E553A546E8EFBFA7BC3 /* ClipboardItem.swift in Sources */ = {isa = PBXBuildFile; fileRef = 975423F814C23B9601EEBBAC /* ClipboardItem.swift */; };
		9266CD37F5E5F52F973CE771 /* cislandApp.swift in Sources */ = {isa = PBXBuildFile; fileRef = CD14ECFE6097B345940007DD /* cislandApp.swift */; };
		9616FB81D1973C25AE100F69 /* ModuleRegistry.swift in Sources */ = {isa = PBXBuildFile; fileRef = A9B1605EE1EFD9F8F192F8C5 /* ModuleRegistry.swift */; };
		97764308DAEBD59CE1D5B91A /* AppDelegate.swift in Sources */ = {isa = PBXBuildFile; fileRef = 610B3466E5384BA107C84A09 /* AppDelegate.swift */; };
		A247FD9D7A7230849613043A /* Hotkey.swift in Sources */ = {isa = PBXBuildFile; fileRef = C285471F73306A6A0364F596 /* Hotkey.swift */; };
		ABAB148527C66C9CDCC339BC /* CalendarData.swift in Sources */ = {isa = PBXBuildFile; fileRef = 8EED27C71EE03A35F6F569A9 /* CalendarData.swift */; };
		BB71DD4BE3220FEF6785126C /* Assets.xcassets in Resources */ = {isa = PBXBuildFile; fileRef = 3C5A65D1522BE17EB81D384E /* Assets.xcassets */; };
		CC1122334A5B6C7D8E9F0011 /* KeyValueModule.swift in Sources */ = {isa = PBXBuildFile; fileRef = DD2233445B6C7D8E9F001122 /* KeyValueModule.swift */; };
		DBB9EEEB153D14363BBBA9CA /* MusicService.swift in Sources */ = {isa = PBXBuildFile; fileRef = 170E22AC12A16C336D7B858B /* MusicService.swift */; };
		ED8C83ECA9D61423F1314B0B /* ClipboardModule.swift in Sources */ = {isa = PBXBuildFile; fileRef = 346BA0D164352D4C5FD7D11C /* ClipboardModule.swift */; };
		EFFC291DCC02FC4A6C6AB73D /* IslandContainerView.swift in Sources */ = {isa = PBXBuildFile; fileRef = 022C74950AF6B8530DD6A5FF /* IslandContainerView.swift */; };
		FBACE753AB5CF602C3A66111 /* ExpandedIslandView.swift in Sources */ = {isa = PBXBuildFile; fileRef = 943EE53286287814ADCC9D9E /* ExpandedIslandView.swift */; };
/* End PBXBuildFile section */

/* Begin PBXFileReference section */
		3C5A65D1522BE17EB81D384E /* Assets.xcassets */ = {isa = PBXFileReference; lastKnownFileType = folder.assetcatalog; path = Assets.xcassets; sourceTree = "<group>"; };
		A1256074822F5FD14259A393 /* cisland.app */ = {isa = PBXFileReference; explicitFileType = wrapper.application; includeInIndex = 0; path = cisland.app; sourceTree = BUILT_PRODUCTS_DIR; };
		BEC1D1244FEDD4F5CE57FDAD /* Info.plist */ = {isa = PBXFileReference; lastKnownFileType = text.plist; path = Info.plist; sourceTree = "<group>"; };
/* End PBXFileReference section */

/* Begin PBXGroup section */
		15AC4B87E3E04B37699A9A83 /* ClipboardModule */ = {
			isa = PBXGroup;
			children = (
				346BA0D164352D4C5FD7D11C /* ClipboardModule.swift */,
				31C85E6CA944A296AF7F3384 /* Views */,
			);
			path = ClipboardModule;
			sourceTree = "<group>";
		};
		EE3344556C7D8E9F00112233 /* KeyValueModule */ = {
			isa = PBXGroup;
			children = (
				DD2233445B6C7D8E9F001122 /* KeyValueModule.swift */,
			);
			path = KeyValueModule;
			sourceTree = "<group>";
		};
		2EC53641A2B755A680130B21 /* Views */ = {
			isa = PBXGroup;
			children = (
				943EE53286287814ADCC9D9E /* ExpandedIslandView.swift */,
				022C74950AF6B8530DD6A5FF /* IslandContainerView.swift */,
			);
			path = Views;
			sourceTree = "<group>";
		};
		31C85E6CA944A296AF7F3384 /* Views */ = {
			isa = PBXGroup;
			children = (
			);
			path = Views;
			sourceTree = "<group>";
		};
		3EF9F0A1C97CFB41C2FC4FD6 = {
			isa = PBXGroup;
			children = (
				B1E15E7805703D172A1FD077 /* cisland */,
				D79DFD48331B09B961496B9D /* Products */,
			);
			sourceTree = "<group>";
		};
		4A8DDB8D6FE4053217401984 /* App */ = {
			isa = PBXGroup;
			children = (
				610B3466E5384BA107C84A09 /* AppDelegate.swift */,
			);
			path = App;
			sourceTree = "<group>";
		};
		9EE91F4D9F77EBD1A0138C4C /* Views */ = {
			isa = PBXGroup;
			children = (
			);
			path = Views;
			sourceTree = "<group>";
		};
		A0D71BFBEE9F0B94D597D5EF /* Models */ = {
			isa = PBXGroup;
			children = (
				975423F814C23B9601EEBBAC /* ClipboardItem.swift */,
			);
			path = Models;
			sourceTree = "<group>";
		};
		ABFAA5789F76D5EDAB1FDFA1 /* Windows */ = {
			isa = PBXGroup;
			children = (
			);
			path = Windows;
			sourceTree = "<group>";
		};
		B1E15E7805703D172A1FD077 /* cisland */ = {
			isa = PBXGroup;
			children = (
				3C5A65D1522BE17EB81D384E /* Assets.xcassets */,
				CD14ECFE6097B345940007DD /* cislandApp.swift */,
				BEC1D1244FEDD4F5CE57FDAD /* Info.plist */,
				4A8DDB8D6FE4053217401984 /* App */,
				C7AE124E9CE7ABE783F6D537 /* Core */,
				A0D71BFBEE9F0B94D597D5EF /* Models */,
				F138F2B8A7CEB500A0DA1F3E /* Modules */,
				D01E86762B491313C0359BB1 /* Services */,
				2EC53641A2B755A680130B21 /* Views */,
				ABFAA5789F76D5EDAB1FDFA1 /* Windows */,
			);
			path = cisland;
			sourceTree = "<group>";
		};
		BEBDBB97CCBFD1B3539DC1BB /* Models */ = {
			isa = PBXGroup;
			children = (
				8EED27C71EE03A35F6F569A9 /* CalendarData.swift */,
			);
			path = Models;
			sourceTree = "<group>";
		};
		C7AE124E9CE7ABE783F6D537 /* Core */ = {
			isa = PBXGroup;
			children = (
				C285471F73306A6A0364F596 /* Hotkey.swift */,
				2F0E88396121C101FAE84BF8 /* IslandModule.swift */,
				A9B1605EE1EFD9F8F192F8C5 /* ModuleRegistry.swift */,
			);
			path = Core;
			sourceTree = "<group>";
		};
		CF8A342C01533C615EB1ED62 /* InfoModule */ = {
			isa = PBXGroup;
			children = (
				045FE82A1B5297025C6A06CD /* InfoModule.swift */,
				BEBDBB97CCBFD1B3539DC1BB /* Models */,
				9EE91F4D9F77EBD1A0138C4C /* Views */,
			);
			path = InfoModule;
			sourceTree = "<group>";
		};
		D01E86762B491313C0359BB1 /* Services */ = {
			isa = PBXGroup;
			children = (
				F33B5BD8B27508A92C5CFF3F /* ClipboardService.swift */,
				170E22AC12A16C336D7B858B /* MusicService.swift */,
				782505E42AA5D6AA6A77EF5D /* WeatherService.swift */,
			);
			path = Services;
			sourceTree = "<group>";
		};
		D79DFD48331B09B961496B9D /* Products */ = {
			isa = PBXGroup;
			children = (
				A1256074822F5FD14259A393 /* cisland.app */,
			);
			name = Products;
			sourceTree = "<group>";
		};
		F138F2B8A7CEB500A0DA1F3E /* Modules */ = {
			isa = PBXGroup;
			children = (
				15AC4B87E3E04B37699A9A83 /* ClipboardModule */,
				CF8A342C01533C615EB1ED62 /* InfoModule */,
				EE3344556C7D8E9F00112233 /* KeyValueModule */,
			);
			path = Modules;
			sourceTree = "<group>";
		};
/* End PBXGroup section */

/* Begin PBXNativeTarget section */
		01F522BDA1CE9E310B6B5E13 /* cisland */ = {
			isa = PBXNativeTarget;
			buildConfigurationList = 9487F18E06A5B50C84821B0A /* Build configuration list for PBXNativeTarget "cisland" */;
			buildPhases = (
				ABE5B0997F724E2AD8A784B5 /* Sources */,
				B52B3184C26430EDA996021F /* Resources */,
			);
			buildRules = (
			);
			dependencies = (
			);
			name = cisland;
			packageProductDependencies = (
			);
			productName = cisland;
			productReference = A1256074822F5FD14259A393 /* cisland.app */;
			productType = "com.apple.product-type.application";
		};
/* End PBXNativeTarget section */

/* Begin PBXProject section */
		E1A5DA7F3640E2AFF087940C /* Project object */ = {
			isa = PBXProject;
			attributes = {
				BuildIndependentTargetsInParallel = YES;
				LastUpgradeCheck = 1430;
				TargetAttributes = {
				};
			};
			buildConfigurationList = 5EDFBC071870638E0D87FAD1 /* Build configuration list for PBXProject "cisland" */;
			compatibilityVersion = "Xcode 14.0";
			developmentRegion = en;
			hasScannedForEncodings = 0;
			knownRegions = (
				Base,
				en,
			);
			mainGroup = 3EF9F0A1C97CFB41C2FC4FD6;
			minimizedProjectReferenceProxies = 1;
			preferredProjectObjectVersion = 54;
			projectDirPath = "";
			projectRoot = "";
			targets = (
				01F522BDA1CE9E310B6B5E13 /* cisland */,
			);
		};
/* End PBXProject section */

/* Begin PBXResourcesBuildPhase section */
		B52B3184C26430EDA996021F /* Resources */ = {
			isa = PBXResourcesBuildPhase;
			buildActionMask = 2147483647;
			files = (
				BB71DD4BE3220FEF6785126C /* Assets.xcassets in Resources */,
			);
			runOnlyForDeploymentPostprocessing = 0;
		};
/* End PBXResourcesBuildPhase section */

/* Begin PBXSourcesBuildPhase section */
		ABE5B0997F724E2AD8A784B5 /* Sources */ = {
			isa = PBXSourcesBuildPhase;
			buildActionMask = 2147483647;
			files = (
				97764308DAEBD59CE1D5B91A /* AppDelegate.swift in Sources */,
				ABAB148527C66C9CDCC339BC /* CalendarData.swift in Sources */,
				45937E553A546E8EFBFA7BC3 /* ClipboardItem.swift in Sources */,
				ED8C83ECA9D61423F1314B0B /* ClipboardModule.swift in Sources */,
				04ABF903BD6357C113A95A5F /* ClipboardService.swift in Sources */,
				FBACE753AB5CF602C3A66111 /* ExpandedIslandView.swift in Sources */,
				A247FD9D7A7230849613043A /* Hotkey.swift in Sources */,
				24E2DE3E3B303549EBA57D96 /* InfoModule.swift in Sources */,
				EFFC291DCC02FC4A6C6AB73D /* IslandContainerView.swift in Sources */,
				1D86E6D277262D8AF032B419 /* IslandModule.swift in Sources */,
				9616FB81D1973C25AE100F69 /* ModuleRegistry.swift in Sources */,
				DBB9EEEB153D14363BBBA9CA /* MusicService.swift in Sources */,
				155E3D8934863BF8B7825AED /* WeatherService.swift in Sources */,
				9266CD37F5E5F52F973CE771 /* cislandApp.swift in Sources */,
				CC1122334A5B6C7D8E9F0011 /* KeyValueModule.swift in Sources */,
			);
			runOnlyForDeploymentPostprocessing = 0;
		};
/* End PBXSourcesBuildPhase section */

/* Begin XCBuildConfiguration section */
		4414D60CA69CCD2918D509BC /* Debug */ = {
			isa = XCBuildConfiguration;
			buildSettings = {
				ALWAYS_SEARCH_USER_PATHS = NO;
				CLANG_ANALYZER_NONNULL = YES;
				CLANG_ANALYZER_NUMBER_OBJECT_CONVERSION = YES_AGGRESSIVE;
				CLANG_CXX_LANGUAGE_STANDARD = "gnu++14";
				CLANG_CXX_LIBRARY = "libc++";
				CLANG_ENABLE_MODULES = YES;
				CLANG_ENABLE_OBJC_ARC = YES;
				CLANG_ENABLE_OBJC_WEAK = YES;
				CLANG_WARN_BLOCK_CAPTURE_AUTORELEASING = YES;
				CLANG_WARN_BOOL_CONVERSION = YES;
				CLANG_WARN_COMMA = YES;
				CLANG_WARN_CONSTANT_CONVERSION = YES;
				CLANG_WARN_DEPRECATED_OBJC_IMPLEMENTATIONS = YES;
				CLANG_WARN_DIRECT_OBJC_ISA_USAGE = YES_ERROR;
				CLANG_WARN_DOCUMENTATION_COMMENTS = YES;
				CLANG_WARN_EMPTY_BODY = YES;
				CLANG_WARN_ENUM_CONVERSION = YES;
				CLANG_WARN_INFINITE_RECURSION = YES;
				CLANG_WARN_INT_CONVERSION = YES;
				CLANG_WARN_NON_LITERAL_NULL_CONVERSION = YES;
				CLANG_WARN_OBJC_IMPLICIT_RETAIN_SELF = YES;
				CLANG_WARN_OBJC_LITERAL_CONVERSION = YES;
				CLANG_WARN_OBJC_ROOT_CLASS = YES_ERROR;
				CLANG_WARN_QUOTED_INCLUDE_IN_FRAMEWORK_HEADER = YES;
				CLANG_WARN_RANGE_LOOP_ANALYSIS = YES;
				CLANG_WARN_STRICT_PROTOTYPES = YES;
				CLANG_WARN_SUSPICIOUS_MOVE = YES;
				CLANG_WARN_UNGUARDED_AVAILABILITY = YES_AGGRESSIVE;
				CLANG_WARN_UNREACHABLE_CODE = YES;
				CLANG_WARN__DUPLICATE_METHOD_MATCH = YES;
				COPY_PHASE_STRIP = NO;
				DEBUG_INFORMATION_FORMAT = dwarf;
				ENABLE_STRICT_OBJC_MSGSEND = YES;
				ENABLE_TESTABILITY = YES;
				ENABLE_USER_SCRIPT_SANDBOXING = NO;
				GCC_C_LANGUAGE_STANDARD = gnu11;
				GCC_DYNAMIC_NO_PIC = NO;
				GCC_NO_COMMON_BLOCKS = YES;
				GCC_OPTIMIZATION_LEVEL = 0;
				GCC_PREPROCESSOR_DEFINITIONS = (
					"$(inherited)",
					"DEBUG=1",
				);
				GCC_WARN_64_TO_32_BIT_CONVERSION = YES;
				GCC_WARN_ABOUT_RETURN_TYPE = YES_ERROR;
				GCC_WARN_UNDECLARED_SELECTOR = YES;
				GCC_WARN_UNINITIALIZED_AUTOS = YES_AGGRESSIVE;
				GCC_WARN_UNUSED_FUNCTION = YES;
				GCC_WARN_UNUSED_VARIABLE = YES;
				MTL_ENABLE_DEBUG_INFO = INCLUDE_SOURCE;
				MTL_FAST_MATH = YES;
				MACOSX_DEPLOYMENT_TARGET = 14.0;
				ONLY_ACTIVE_ARCH = YES;
				PRODUCT_NAME = "$(TARGET_NAME)";
				SDKROOT = macosx;
				SWIFT_ACTIVE_COMPILATION_CONDITIONS = DEBUG;
				SWIFT_OPTIMIZATION_LEVEL = "-Onone";
				SWIFT_VERSION = 5.1;
			};
			name = Debug;
		};
		64C506D300A570FDE8524D1B /* Debug */ = {
			isa = XCBuildConfiguration;
			buildSettings = {
				ASSETCATALOG_COMPILER_APPICON_NAME = AppIcon;
				COMBINE_HIDPI_IMAGES = YES;
				INFOPLIST_FILE = cisland/Info.plist;
				LD_RUNPATH_SEARCH_PATHS = (
					"$(inherited)",
					"@executable_path/../Frameworks",
				);
				PRODUCT_BUNDLE_IDENTIFIER = com.claus.island.cisland;
				SDKROOT = macosx;
			};
			name = Debug;
		};
		798ECD57450ED0F6241BA973 /* Release */ = {
			isa = XCBuildConfiguration;
			buildSettings = {
				ASSETCATALOG_COMPILER_APPICON_NAME = AppIcon;
				COMBINE_HIDPI_IMAGES = YES;
				INFOPLIST_FILE = cisland/Info.plist;
				LD_RUNPATH_SEARCH_PATHS = (
					"$(inherited)",
					"@executable_path/../Frameworks",
				);
				PRODUCT_BUNDLE_IDENTIFIER = com.claus.island.cisland;
				SDKROOT = macosx;
			};
			name = Release;
		};
		7C0247DA8FD2DAAC9909937B /* Release */ = {
			isa = XCBuildConfiguration;
			buildSettings = {
				ALWAYS_SEARCH_USER_PATHS = NO;
				CLANG_ANALYZER_NONNULL = YES;
				CLANG_ANALYZER_NUMBER_OBJECT_CONVERSION = YES_AGGRESSIVE;
				CLANG_CXX_LANGUAGE_STANDARD = "gnu++14";
				CLANG_CXX_LIBRARY = "libc++";
				CLANG_ENABLE_MODULES = YES;
				CLANG_ENABLE_OBJC_ARC = YES;
				CLANG_ENABLE_OBJC_WEAK = YES;
				CLANG_WARN_BLOCK_CAPTURE_AUTORELEASING = YES;
				CLANG_WARN_BOOL_CONVERSION = YES;
				CLANG_WARN_COMMA = YES;
				CLANG_WARN_CONSTANT_CONVERSION = YES;
				CLANG_WARN_DEPRECATED_OBJC_IMPLEMENTATIONS = YES;
				CLANG_WARN_DIRECT_OBJC_ISA_USAGE = YES_ERROR;
				CLANG_WARN_DOCUMENTATION_COMMENTS = YES;
				CLANG_WARN_EMPTY_BODY = YES;
				CLANG_WARN_ENUM_CONVERSION = YES;
				CLANG_WARN_INFINITE_RECURSION = YES;
				CLANG_WARN_INT_CONVERSION = YES;
				CLANG_WARN_NON_LITERAL_NULL_CONVERSION = YES;
				CLANG_WARN_OBJC_IMPLICIT_RETAIN_SELF = YES;
				CLANG_WARN_OBJC_LITERAL_CONVERSION = YES;
				CLANG_WARN_OBJC_ROOT_CLASS = YES_ERROR;
				CLANG_WARN_QUOTED_INCLUDE_IN_FRAMEWORK_HEADER = YES;
				CLANG_WARN_RANGE_LOOP_ANALYSIS = YES;
				CLANG_WARN_STRICT_PROTOTYPES = YES;
				CLANG_WARN_SUSPICIOUS_MOVE = YES;
				CLANG_WARN_UNGUARDED_AVAILABILITY = YES_AGGRESSIVE;
				CLANG_WARN_UNREACHABLE_CODE = YES;
				CLANG_WARN__DUPLICATE_METHOD_MATCH = YES;
				COPY_PHASE_STRIP = NO;
				DEBUG_INFORMATION_FORMAT = "dwarf-with-dsym";
				ENABLE_NS_ASSERTIONS = NO;
				ENABLE_STRICT_OBJC_MSGSEND = YES;
				ENABLE_USER_SCRIPT_SANDBOXING = NO;
				GCC_C_LANGUAGE_STANDARD = gnu11;
				GCC_NO_COMMON_BLOCKS = YES;
				GCC_WARN_64_TO_32_BIT_CONVERSION = YES;
				GCC_WARN_ABOUT_RETURN_TYPE = YES_ERROR;
				GCC_WARN_UNDECLARED_SELECTOR = YES;
				GCC_WARN_UNINITIALIZED_AUTOS = YES_AGGRESSIVE;
				GCC_WARN_UNUSED_FUNCTION = YES;
				GCC_WARN_UNUSED_VARIABLE = YES;
				MTL_ENABLE_DEBUG_INFO = NO;
				MTL_FAST_MATH = YES;
				MACOSX_DEPLOYMENT_TARGET = 14.0;
				PRODUCT_NAME = "$(TARGET_NAME)";
				SDKROOT = macosx;
				SWIFT_COMPILATION_MODE = wholemodule;
				SWIFT_OPTIMIZATION_LEVEL = "-O";
				SWIFT_VERSION = 5.1;
			};
			name = Release;
		};
/* End XCBuildConfiguration section */

/* Begin XCConfigurationList section */
		5EDFBC071870638E0D87FAD1 /* Build configuration list for PBXProject "cisland" */ = {
			isa = XCConfigurationList;
			buildConfigurations = (
				4414D60CA69CCD2918D509BC /* Debug */,
				7C0247DA8FD2DAAC9909937B /* Release */,
			);
			defaultConfigurationIsVisible = 0;
			defaultConfigurationName = Debug;
		};
		9487F18E06A5B50C84821B0A /* Build configuration list for PBXNativeTarget "cisland" */ = {
			isa = XCConfigurationList;
			buildConfigurations = (
				64C506D300A570FDE8524D1B /* Debug */,
				798ECD57450ED0F6241BA973 /* Release */,
			);
			defaultConfigurationIsVisible = 0;
			defaultConfigurationName = Debug;
		};
/* End XCConfigurationList section */
	};
	rootObject = E1A5DA7F3640E2AFF087940C /* Project object */;
}
